// !$*UTF8*$!
{
	archiveVersion = 1;
	classes = {
	};
	objectVersion = 77;
	objects = {

/* Begin PBXBuildFile section */
		1827B05A2E2E883500AAC02B /* CalendarView.swift in Sources */ = {isa = PBXBuildFile; fileRef = 1827B0592E2E883500AAC02B /* CalendarView.swift */; };
		183760EA2E2EC3B200A101EF /* GoogleGenerativeAI in Frameworks */ = {isa = PBXBuildFile; productRef = 183760E92E2EC3B200A101EF /* GoogleGenerativeAI */; };
		183760EC2E2FC7FE00A101EF /* LiquidGlass.swift in Sources */ = {isa = PBXBuildFile; fileRef = 183760EB2E2FC7F700A101EF /* LiquidGlass.swift */; };
		1887544C2DC549BC008C44AA /* noItems.swift in Sources */ = {isa = PBXBuildFile; fileRef = 1887544B2DC549BC008C44AA /* noItems.swift */; };
		188754552DC560BE008C44AA /* ListViewModel.swift in Sources */ = {isa = PBXBuildFile; fileRef = 188754542DC560BE008C44AA /* ListViewModel.swift */; };
		188A49BE2DB95F97002D8C3B /* ItemModel.swift in Sources */ = {isa = PBXBuildFile; fileRef = 188A49BD2DB95F97002D8C3B /* ItemModel.swift */; };
		18C2D6832DB7CDFD009BBDFC /* ListView.swift in Sources */ = {isa = PBXBuildFile; fileRef = 18C2D6822DB7CDFD009BBDFC /* ListView.swift */; };
		18C2D6852DB7D212009BBDFC /* ListRowView.swift in Sources */ = {isa = PBXBuildFile; fileRef = 18C2D6842DB7D212009BBDFC /* ListRowView.swift */; };
		18C2D6872DB7D61F009BBDFC /* AddView.swift in Sources */ = {isa = PBXBuildFile; fileRef = 18C2D6862DB7D61F009BBDFC /* AddView.swift */; };
/* End PBXBuildFile section */

/* Begin PBXFileReference section */
		1827B0592E2E883500AAC02B /* CalendarView.swift */ = {isa = PBXFileReference; lastKnownFileType = sourcecode.swift; path = CalendarView.swift; sourceTree = "<group>"; };
		183760EB2E2FC7F700A101EF /* LiquidGlass.swift */ = {isa = PBXFileReference; lastKnownFileType = sourcecode.swift; path = LiquidGlass.swift; sourceTree = "<group>"; };
		1887544B2DC549BC008C44AA /* noItems.swift */ = {isa = PBXFileReference; lastKnownFileType = sourcecode.swift; path = noItems.swift; sourceTree = "<group>"; };
		188754542DC560BE008C44AA /* ListViewModel.swift */ = {isa = PBXFileReference; lastKnownFileType = sourcecode.swift; path = ListViewModel.swift; sourceTree = "<group>"; };
		188A49BD2DB95F97002D8C3B /* ItemModel.swift */ = {isa = PBXFileReference; lastKnownFileType = sourcecode.swift; path = ItemModel.swift; sourceTree = "<group>"; };
		18C2D6692DB7C79F009BBDFC /* GetDone.app */ = {isa = PBXFileReference; explicitFileType = wrapper.application; includeInIndex = 0; path = GetDone.app; sourceTree = BUILT_PRODUCTS_DIR; };
		18C2D6822DB7CDFD009BBDFC /* ListView.swift */ = {isa = PBXFileReference; lastKnownFileType = sourcecode.swift; path = ListView.swift; sourceTree = "<group>"; };
		18C2D6842DB7D212009BBDFC /* ListRowView.swift */ = {isa = PBXFileReference; lastKnownFileType = sourcecode.swift; path = ListRowView.swift; sourceTree = "<group>"; };
		18C2D6862DB7D61F009BBDFC /* AddView.swift */ = {isa = PBXFileReference; lastKnownFileType = sourcecode.swift; path = AddView.swift; sourceTree = "<group>"; };
/* End PBXFileReference section */

/* Begin PBXFileSystemSynchronizedRootGroup section */
		18C2D66B2DB7C79F009BBDFC /* GetDone */ = {
			isa = PBXFileSystemSynchronizedRootGroup;
			path = GetDone;
			sourceTree = "<group>";
		};
/* End PBXFileSystemSynchronizedRootGroup section */

/* Begin PBXFrameworksBuildPhase section */
		18C2D6662DB7C79F009BBDFC /* Frameworks */ = {
			isa = PBXFrameworksBuildPhase;
			buildActionMask = 2147483647;
			files = (
				183760EA2E2EC3B200A101EF /* GoogleGenerativeAI in Frameworks */,
			);
			runOnlyForDeploymentPostprocessing = 0;
		};
/* End PBXFrameworksBuildPhase section */

/* Begin PBXGroup section */
		183760E42E2EBE8700A101EF /* Services */ = {
			isa = PBXGroup;
			children = (
				183760EB2E2FC7F700A101EF /* LiquidGlass.swift */,
			);
			path = Services;
			sourceTree = "<group>";
		};
		183760E72E2EC26900A101EF /* Frameworks */ = {
			isa = PBXGroup;
			children = (
			);
			name = Frameworks;
			sourceTree = "<group>";
		};
		188A49BC2DB95F01002D8C3B /* Models */ = {
			isa = PBXGroup;
			children = (
				188A49BD2DB95F97002D8C3B /* ItemModel.swift */,
			);
			path = Models;
			sourceTree = "<group>";
		};
		18C2D6602DB7C79E009BBDFC = {
			isa = PBXGroup;
			children = (
				183760E42E2EBE8700A101EF /* Services */,
				18CB3A192DC28CF200E2692E /* ViewModels */,
				188A49BC2DB95F01002D8C3B /* Models */,
				18C2D67F2DB7CDC2009BBDFC /* Views */,
				18C2D66B2DB7C79F009BBDFC /* GetDone */,
				183760E72E2EC26900A101EF /* Frameworks */,
				18C2D66A2DB7C79F009BBDFC /* Products */,
			);
			sourceTree = "<group>";
		};
		18C2D66A2DB7C79F009BBDFC /* Products */ = {
			isa = PBXGroup;
			children = (
				18C2D6692DB7C79F009BBDFC /* GetDone.app */,
			);
			name = Products;
			sourceTree = "<group>";
		};
		18C2D67F2DB7CDC2009BBDFC /* Views */ = {
			isa = PBXGroup;
			children = (
				18C2D6822DB7CDFD009BBDFC /* ListView.swift */,
				18C2D6842DB7D212009BBDFC /* ListRowView.swift */,
				18C2D6862DB7D61F009BBDFC /* AddView.swift */,
				1887544B2DC549BC008C44AA /* noItems.swift */,
				1827B0592E2E883500AAC02B /* CalendarView.swift */,
			);
			path = Views;
			sourceTree = "<group>";
		};
		18CB3A192DC28CF200E2692E /* ViewModels */ = {
			isa = PBXGroup;
			children = (
				188754542DC560BE008C44AA /* ListViewModel.swift */,
			);
			path = ViewModels;
			sourceTree = "<group>";
		};
/* End PBXGroup section */

/* Begin PBXNativeTarget section */
		18C2D6682DB7C79F009BBDFC /* GetDone */ = {
			isa = PBXNativeTarget;
			buildConfigurationList = 18C2D6772DB7C7A1009BBDFC /* Build configuration list for PBXNativeTarget "GetDone" */;
			buildPhases = (
				18C2D6652DB7C79F009BBDFC /* Sources */,
				18C2D6662DB7C79F009BBDFC /* Frameworks */,
				18C2D6672DB7C79F009BBDFC /* Resources */,
			);
			buildRules = (
			);
			dependencies = (
			);
			fileSystemSynchronizedGroups = (
				18C2D66B2DB7C79F009BBDFC /* GetDone */,
			);
			name = GetDone;
			packageProductDependencies = (
				183760E92E2EC3B200A101EF /* GoogleGenerativeAI */,
			);
			productName = GetDone;
			productReference = 18C2D6692DB7C79F009BBDFC /* GetDone.app */;
			productType = "com.apple.product-type.application";
		};
/* End PBXNativeTarget section */

/* Begin PBXProject section */
		18C2D6612DB7C79E009BBDFC /* Project object */ = {
			isa = PBXProject;
			attributes = {
				BuildIndependentTargetsInParallel = 1;
				LastSwiftUpdateCheck = 1620;
				LastUpgradeCheck = 1620;
				TargetAttributes = {
					18C2D6682DB7C79F009BBDFC = {
						CreatedOnToolsVersion = 16.2;
					};
				};
			};
			buildConfigurationList = 18C2D6642DB7C79E009BBDFC /* Build configuration list for PBXProject "GetDone" */;
			developmentRegion = en;
			hasScannedForEncodings = 0;
			knownRegions = (
				en,
				Base,
			);
			mainGroup = 18C2D6602DB7C79E009BBDFC;
			minimizedProjectReferenceProxies = 1;
			packageReferences = (
				183760E82E2EC3B200A101EF /* XCRemoteSwiftPackageReference "generative-ai-swift" */,
			);
			preferredProjectObjectVersion = 77;
			productRefGroup = 18C2D66A2DB7C79F009BBDFC /* Products */;
			projectDirPath = "";
			projectRoot = "";
			targets = (
				18C2D6682DB7C79F009BBDFC /* GetDone */,
			);
		};
/* End PBXProject section */

/* Begin PBXResourcesBuildPhase section */
		18C2D6672DB7C79F009BBDFC /* Resources */ = {
			isa = PBXResourcesBuildPhase;
			buildActionMask = 2147483647;
			files = (
			);
			runOnlyForDeploymentPostprocessing = 0;
		};
/* End PBXResourcesBuildPhase section */

/* Begin PBXSourcesBuildPhase section */
		18C2D6652DB7C79F009BBDFC /* Sources */ = {
			isa = PBXSourcesBuildPhase;
			buildActionMask = 2147483647;
			files = (
				1887544C2DC549BC008C44AA /* noItems.swift in Sources */,
				1827B05A2E2E883500AAC02B /* CalendarView.swift in Sources */,
				188A49BE2DB95F97002D8C3B /* ItemModel.swift in Sources */,
				183760EC2E2FC7FE00A101EF /* LiquidGlass.swift in Sources */,
				18C2D6872DB7D61F009BBDFC /* AddView.swift in Sources */,
				18C2D6832DB7CDFD009BBDFC /* ListView.swift in Sources */,
				188754552DC560BE008C44AA /* ListViewModel.swift in Sources */,
				18C2D6852DB7D212009BBDFC /* ListRowView.swift in Sources */,
			);
			runOnlyForDeploymentPostprocessing = 0;
		};
/* End PBXSourcesBuildPhase section */

/* Begin XCBuildConfiguration section */
		18C2D6752DB7C7A1009BBDFC /* Debug */ = {
			isa = XCBuildConfiguration;
			buildSettings = {
				ALWAYS_SEARCH_USER_PATHS = NO;
				ASSETCATALOG_COMPILER_GENERATE_SWIFT_ASSET_SYMBOL_EXTENSIONS = YES;
				CLANG_ANALYZER_NONNULL = YES;
				CLANG_ANALYZER_NUMBER_OBJECT_CONVERSION = YES_AGGRESSIVE;
				CLANG_CXX_LANGUAGE_STANDARD = "gnu++20";
				CLANG_ENABLE_MODULES = YES;
				CLANG_ENABLE_OBJC_ARC = YES;
				CLANG_ENABLE_OBJC_WEAK = YES;
				CLANG_WARN_BLOCK_CAPTURE_AUTORELEASING = YES;
				CLANG_WARN_BOOL_CONVERSION = YES;
				CLANG_WARN_COMMA = YES;
				CLANG_WARN_CONSTANT_CONVERSION = YES;
				CLANG_WARN_DEPRECATED_OBJC_IMPLEMENTATIONS = YES;
				CLANG_WARN_DIRECT_OBJC_ISA_USAGE = YES_ERROR;
				CLANG_WARN_DOCUMENTATION_COMMENTS = YES;
				CLANG_WARN_EMPTY_BODY = YES;
				CLANG_WARN_ENUM_CONVERSION = YES;
				CLANG_WARN_INFINITE_RECURSION = YES;
				CLANG_WARN_INT_CONVERSION = YES;
				CLANG_WARN_NON_LITERAL_NULL_CONVERSION = YES;
				CLANG_WARN_OBJC_IMPLICIT_RETAIN_SELF = YES;
				CLANG_WARN_OBJC_LITERAL_CONVERSION = YES;
				CLANG_WARN_OBJC_ROOT_CLASS = YES_ERROR;
				CLANG_WARN_QUOTED_INCLUDE_IN_FRAMEWORK_HEADER = YES;
				CLANG_WARN_RANGE_LOOP_ANALYSIS = YES;
				CLANG_WARN_STRICT_PROTOTYPES = YES;
				CLANG_WARN_SUSPICIOUS_MOVE = YES;
				CLANG_WARN_UNGUARDED_AVAILABILITY = YES_AGGRESSIVE;
				CLANG_WARN_UNREACHABLE_CODE = YES;
				CLANG_WARN__DUPLICATE_METHOD_MATCH = YES;
				COPY_PHASE_STRIP = NO;
				DEBUG_INFORMATION_FORMAT = dwarf;
				ENABLE_STRICT_OBJC_MSGSEND = YES;
				ENABLE_TESTABILITY = YES;
				ENABLE_USER_SCRIPT_SANDBOXING = YES;
				GCC_C_LANGUAGE_STANDARD = gnu17;
				GCC_DYNAMIC_NO_PIC = NO;
				GCC_NO_COMMON_BLOCKS = YES;
				GCC_OPTIMIZATION_LEVEL = 0;
				GCC_PREPROCESSOR_DEFINITIONS = (
					"DEBUG=1",
					"$(inherited)",
				);
				GCC_WARN_64_TO_32_BIT_CONVERSION = YES;
				GCC_WARN_ABOUT_RETURN_TYPE = YES_ERROR;
				GCC_WARN_UNDECLARED_SELECTOR = YES;
				GCC_WARN_UNINITIALIZED_AUTOS = YES_AGGRESSIVE;
				GCC_WARN_UNUSED_FUNCTION = YES;
				GCC_WARN_UNUSED_VARIABLE = YES;
				IPHONEOS_DEPLOYMENT_TARGET = 18.2;
				LOCALIZATION_PREFERS_STRING_CATALOGS = YES;
				MTL_ENABLE_DEBUG_INFO = INCLUDE_SOURCE;
				MTL_FAST_MATH = YES;
				ONLY_ACTIVE_ARCH = YES;
				SDKROOT = iphoneos;
				SWIFT_ACTIVE_COMPILATION_CONDITIONS = "DEBUG $(inherited)";
				SWIFT_OPTIMIZATION_LEVEL = "-Onone";
			};
			name = Debug;
		};
		18C2D6762DB7C7A1009BBDFC /* Release */ = {
			isa = XCBuildConfiguration;
			buildSettings = {
				ALWAYS_SEARCH_USER_PATHS = NO;
				ASSETCATALOG_COMPILER_GENERATE_SWIFT_ASSET_SYMBOL_EXTENSIONS = YES;
				CLANG_ANALYZER_NONNULL = YES;
				CLANG_ANALYZER_NUMBER_OBJECT_CONVERSION = YES_AGGRESSIVE;
				CLANG_CXX_LANGUAGE_STANDARD = "gnu++20";
				CLANG_ENABLE_MODULES = YES;
				CLANG_ENABLE_OBJC_ARC = YES;
				CLANG_ENABLE_OBJC_WEAK = YES;
				CLANG_WARN_BLOCK_CAPTURE_AUTORELEASING = YES;
				CLANG_WARN_BOOL_CONVERSION = YES;
				CLANG_WARN_COMMA = YES;
				CLANG_WARN_CONSTANT_CONVERSION = YES;
				CLANG_WARN_DEPRECATED_OBJC_IMPLEMENTATIONS = YES;
				CLANG_WARN_DIRECT_OBJC_ISA_USAGE = YES_ERROR;
				CLANG_WARN_DOCUMENTATION_COMMENTS = YES;
				CLANG_WARN_EMPTY_BODY = YES;
				CLANG_WARN_ENUM_CONVERSION = YES;
				CLANG_WARN_INFINITE_RECURSION = YES;
				CLANG_WARN_INT_CONVERSION = YES;
				CLANG_WARN_NON_LITERAL_NULL_CONVERSION = YES;
				CLANG_WARN_OBJC_IMPLICIT_RETAIN_SELF = YES;
				CLANG_WARN_OBJC_LITERAL_CONVERSION = YES;
				CLANG_WARN_OBJC_ROOT_CLASS = YES_ERROR;
				CLANG_WARN_QUOTED_INCLUDE_IN_FRAMEWORK_HEADER = YES;
				CLANG_WARN_RANGE_LOOP_ANALYSIS = YES;
				CLANG_WARN_STRICT_PROTOTYPES = YES;
				CLANG_WARN_SUSPICIOUS_MOVE = YES;
				CLANG_WARN_UNGUARDED_AVAILABILITY = YES_AGGRESSIVE;
				CLANG_WARN_UNREACHABLE_CODE = YES;
				CLANG_WARN__DUPLICATE_METHOD_MATCH = YES;
				COPY_PHASE_STRIP = NO;
				DEBUG_INFORMATION_FORMAT = "dwarf-with-dsym";
				ENABLE_NS_ASSERTIONS = NO;
				ENABLE_STRICT_OBJC_MSGSEND = YES;
				ENABLE_USER_SCRIPT_SANDBOXING = YES;
				GCC_C_LANGUAGE_STANDARD = gnu17;
				GCC_NO_COMMON_BLOCKS = YES;
				GCC_WARN_64_TO_32_BIT_CONVERSION = YES;
				GCC_WARN_ABOUT_RETURN_TYPE = YES_ERROR;
				GCC_WARN_UNDECLARED_SELECTOR = YES;
				GCC_WARN_UNINITIALIZED_AUTOS = YES_AGGRESSIVE;
				GCC_WARN_UNUSED_FUNCTION = YES;
				GCC_WARN_UNUSED_VARIABLE = YES;
				IPHONEOS_DEPLOYMENT_TARGET = 18.2;
				LOCALIZATION_PREFERS_STRING_CATALOGS = YES;
				MTL_ENABLE_DEBUG_INFO = NO;
				MTL_FAST_MATH = YES;
				SDKROOT = iphoneos;
				SWIFT_COMPILATION_MODE = wholemodule;
				VALIDATE_PRODUCT = YES;
			};
			name = Release;
		};
		18C2D6782DB7C7A1009BBDFC /* Debug */ = {
			isa = XCBuildConfiguration;
			buildSettings = {
				ASSETCATALOG_COMPILER_APPICON_NAME = AppIcon;
				ASSETCATALOG_COMPILER_GLOBAL_ACCENT_COLOR_NAME = AccentColor;
				CODE_SIGN_STYLE = Automatic;
				CURRENT_PROJECT_VERSION = 1;
				DEVELOPMENT_ASSET_PATHS = "\"GetDone/Preview Content\"";
				DEVELOPMENT_TEAM = 4Y2S5682AR;
				ENABLE_PREVIEWS = YES;
				GENERATE_INFOPLIST_FILE = YES;
				INFOPLIST_KEY_UIApplicationSceneManifest_Generation = YES;
				INFOPLIST_KEY_UIApplicationSupportsIndirectInputEvents = YES;
				INFOPLIST_KEY_UILaunchScreen_Generation = YES;
				INFOPLIST_KEY_UISupportedInterfaceOrientations_iPad = "UIInterfaceOrientationPortrait UIInterfaceOrientationPortraitUpsideDown UIInterfaceOrientationLandscapeLeft UIInterfaceOrientationLandscapeRight";
				INFOPLIST_KEY_UISupportedInterfaceOrientations_iPhone = "UIInterfaceOrientationPortrait UIInterfaceOrientationLandscapeLeft UIInterfaceOrientationLandscapeRight";
				LD_RUNPATH_SEARCH_PATHS = (
					"$(inherited)",
					"@executable_path/Frameworks",
				);
				MARKETING_VERSION = 1.0;
				PRODUCT_BUNDLE_IDENTIFIER = com.KauaVinicius.GetDone;
				PRODUCT_NAME = "$(TARGET_NAME)";
				SWIFT_EMIT_LOC_STRINGS = YES;
				SWIFT_VERSION = 5.0;
				TARGETED_DEVICE_FAMILY = "1,2";
			};
			name = Debug;
		};
		18C2D6792DB7C7A1009BBDFC /* Release */ = {
			isa = XCBuildConfiguration;
			buildSettings = {
				ASSETCATALOG_COMPILER_APPICON_NAME = AppIcon;
				ASSETCATALOG_COMPILER_GLOBAL_ACCENT_COLOR_NAME = AccentColor;
				CODE_SIGN_STYLE = Automatic;
				CURRENT_PROJECT_VERSION = 1;
				DEVELOPMENT_ASSET_PATHS = "\"GetDone/Preview Content\"";
				DEVELOPMENT_TEAM = 4Y2S5682AR;
				ENABLE_PREVIEWS = YES;
				GENERATE_INFOPLIST_FILE = YES;
				INFOPLIST_KEY_UIApplicationSceneManifest_Generation = YES;
				INFOPLIST_KEY_UIApplicationSupportsIndirectInputEvents = YES;
				INFOPLIST_KEY_UILaunchScreen_Generation = YES;
				INFOPLIST_KEY_UISupportedInterfaceOrientations_iPad = "UIInterfaceOrientationPortrait UIInterfaceOrientationPortraitUpsideDown UIInterfaceOrientationLandscapeLeft UIInterfaceOrientationLandscapeRight";
				INFOPLIST_KEY_UISupportedInterfaceOrientations_iPhone = "UIInterfaceOrientationPortrait UIInterfaceOrientationLandscapeLeft UIInterfaceOrientationLandscapeRight";
				LD_RUNPATH_SEARCH_PATHS = (
					"$(inherited)",
					"@executable_path/Frameworks",
				);
				MARKETING_VERSION = 1.0;
				PRODUCT_BUNDLE_IDENTIFIER = com.KauaVinicius.GetDone;
				PRODUCT_NAME = "$(TARGET_NAME)";
				SWIFT_EMIT_LOC_STRINGS = YES;
				SWIFT_VERSION = 5.0;
				TARGETED_DEVICE_FAMILY = "1,2";
			};
			name = Release;
		};
/* End XCBuildConfiguration section */

/* Begin XCConfigurationList section */
		18C2D6642DB7C79E009BBDFC /* Build configuration list for PBXProject "GetDone" */ = {
			isa = XCConfigurationList;
			buildConfigurations = (
				18C2D6752DB7C7A1009BBDFC /* Debug */,
				18C2D6762DB7C7A1009BBDFC /* Release */,
			);
			defaultConfigurationIsVisible = 0;
			defaultConfigurationName = Release;
		};
		18C2D6772DB7C7A1009BBDFC /* Build configuration list for PBXNativeTarget "GetDone" */ = {
			isa = XCConfigurationList;
			buildConfigurations = (
				18C2D6782DB7C7A1009BBDFC /* Debug */,
				18C2D6792DB7C7A1009BBDFC /* Release */,
			);
			defaultConfigurationIsVisible = 0;
			defaultConfigurationName = Release;
		};
/* End XCConfigurationList section */

/* Begin XCRemoteSwiftPackageReference section */
		183760E82E2EC3B200A101EF /* XCRemoteSwiftPackageReference "generative-ai-swift" */ = {
			isa = XCRemoteSwiftPackageReference;
			repositoryURL = "https://github.com/google/generative-ai-swift";
			requirement = {
				kind = upToNextMajorVersion;
				minimumVersion = 0.5.6;
			};
		};
/* End XCRemoteSwiftPackageReference section */

/* Begin XCSwiftPackageProductDependency section */
		183760E92E2EC3B200A101EF /* GoogleGenerativeAI */ = {
			isa = XCSwiftPackageProductDependency;
			package = 183760E82E2EC3B200A101EF /* XCRemoteSwiftPackageReference "generative-ai-swift" */;
			productName = GoogleGenerativeAI;
		};
/* End XCSwiftPackageProductDependency section */
	};
	rootObject = 18C2D6612DB7C79E009BBDFC /* Project object */;
}
